// !$*UTF8*$!
{
	archiveVersion = 1;
	classes = {
	};
	objectVersion = 46;
	objects = {

/* Begin PBXBuildFile section */
		35510E7030F993FACB1B2FC7 /* libPods-YHPhotoBrowser-Demo.a in Frameworks */ = {isa = PBXBuildFile; fileRef = 30B6C2CA3B7749851EBB0BB7 /* libPods-YHPhotoBrowser-Demo.a */; };
		8E5F4BC01DACD46D003229FB /* main.m in Sources */ = {isa = PBXBuildFile; fileRef = 8E5F4BBF1DACD46D003229FB /* main.m */; };
		8E5F4BC31DACD46D003229FB /* AppDelegate.m in Sources */ = {isa = PBXBuildFile; fileRef = 8E5F4BC21DACD46D003229FB /* AppDelegate.m */; };
		8E5F4BC61DACD46D003229FB /* ViewController.m in Sources */ = {isa = PBXBuildFile; fileRef = 8E5F4BC51DACD46D003229FB /* ViewController.m */; };
		8E5F4BC91DACD46D003229FB /* Main.storyboard in Resources */ = {isa = PBXBuildFile; fileRef = 8E5F4BC71DACD46D003229FB /* Main.storyboard */; };
		8E5F4BCB1DACD46D003229FB /* Assets.xcassets in Resources */ = {isa = PBXBuildFile; fileRef = 8E5F4BCA1DACD46D003229FB /* Assets.xcassets */; };
		8E5F4BCE1DACD46D003229FB /* LaunchScreen.storyboard in Resources */ = {isa = PBXBuildFile; fileRef = 8E5F4BCC1DACD46D003229FB /* LaunchScreen.storyboard */; };
		8E5F4BD91DACD46D003229FB /* YHPhotoBrowser_DemoTests.m in Sources */ = {isa = PBXBuildFile; fileRef = 8E5F4BD81DACD46D003229FB /* YHPhotoBrowser_DemoTests.m */; };
		8E5F4BE41DACD46D003229FB /* YHPhotoBrowser_DemoUITests.m in Sources */ = {isa = PBXBuildFile; fileRef = 8E5F4BE31DACD46D003229FB /* YHPhotoBrowser_DemoUITests.m */; };
		8E5F4BF31DACD60C003229FB /* HomeCollectionViewCell.m in Sources */ = {isa = PBXBuildFile; fileRef = 8E5F4BF21DACD60C003229FB /* HomeCollectionViewCell.m */; };
		8EA393D51E8351D000A4ADD8 /* YHBrowserAnimateDelegate.m in Sources */ = {isa = PBXBuildFile; fileRef = 8EA393CC1E8351D000A4ADD8 /* YHBrowserAnimateDelegate.m */; };
		8EA393D61E8351D000A4ADD8 /* YHPhoto.m in Sources */ = {isa = PBXBuildFile; fileRef = 8EA393CE1E8351D000A4ADD8 /* YHPhoto.m */; };
		8EA393D71E8351D000A4ADD8 /* YHPhotoBrowser.m in Sources */ = {isa = PBXBuildFile; fileRef = 8EA393D01E8351D000A4ADD8 /* YHPhotoBrowser.m */; };
		8EA393D81E8351D000A4ADD8 /* YHPhotoBrowserCell.m in Sources */ = {isa = PBXBuildFile; fileRef = 8EA393D21E8351D000A4ADD8 /* YHPhotoBrowserCell.m */; };
		8EA393D91E8351D000A4ADD8 /* YHProgressCircleView.m in Sources */ = {isa = PBXBuildFile; fileRef = 8EA393D41E8351D000A4ADD8 /* YHProgressCircleView.m */; };
/* End PBXBuildFile section */

/* Begin PBXContainerItemProxy section */
		8E5F4BD51DACD46D003229FB /* PBXContainerItemProxy */ = {
			isa = PBXContainerItemProxy;
			containerPortal = 8E5F4BB31DACD46D003229FB /* Project object */;
			proxyType = 1;
			remoteGlobalIDString = 8E5F4BBA1DACD46D003229FB;
			remoteInfo = "YHPhotoBrowser-Demo";
		};
		8E5F4BE01DACD46D003229FB /* PBXContainerItemProxy */ = {
			isa = PBXContainerItemProxy;
			containerPortal = 8E5F4BB31DACD46D003229FB /* Project object */;
			proxyType = 1;
			remoteGlobalIDString = 8E5F4BBA1DACD46D003229FB;
			remoteInfo = "YHPhotoBrowser-Demo";
		};
/* End PBXContainerItemProxy section */

/* Begin PBXFileReference section */
		30B6C2CA3B7749851EBB0BB7 /* libPods-YHPhotoBrowser-Demo.a */ = {isa = PBXFileReference; explicitFileType = archive.ar; includeInIndex = 0; path = "libPods-YHPhotoBrowser-Demo.a"; sourceTree = BUILT_PRODUCTS_DIR; };
		3A68D24CCA7A1533A33EBE51 /* Pods-YHPhotoBrowser-Demo.release.xcconfig */ = {isa = PBXFileReference; includeInIndex = 1; lastKnownFileType = text.xcconfig; name = "Pods-YHPhotoBrowser-Demo.release.xcconfig"; path = "Pods/Target Support Files/Pods-YHPhotoBrowser-Demo/Pods-YHPhotoBrowser-Demo.release.xcconfig"; sourceTree = "<group>"; };
		8E5F4BBB1DACD46D003229FB /* YHPhotoBrowser-Demo.app */ = {isa = PBXFileReference; explicitFileType = wrapper.application; includeInIndex = 0; path = "YHPhotoBrowser-Demo.app"; sourceTree = BUILT_PRODUCTS_DIR; };
		8E5F4BBF1DACD46D003229FB /* main.m */ = {isa = PBXFileReference; lastKnownFileType = sourcecode.c.objc; path = main.m; sourceTree = "<group>"; };
		8E5F4BC11DACD46D003229FB /* AppDelegate.h */ = {isa = PBXFileReference; lastKnownFileType = sourcecode.c.h; path = AppDelegate.h; sourceTree = "<group>"; };
		8E5F4BC21DACD46D003229FB /* AppDelegate.m */ = {isa = PBXFileReference; lastKnownFileType = sourcecode.c.objc; path = AppDelegate.m; sourceTree = "<group>"; };
		8E5F4BC41DACD46D003229FB /* ViewController.h */ = {isa = PBXFileReference; lastKnownFileType = sourcecode.c.h; path = ViewController.h; sourceTree = "<group>"; };
		8E5F4BC51DACD46D003229FB /* ViewController.m */ = {isa = PBXFileReference; lastKnownFileType = sourcecode.c.objc; path = ViewController.m; sourceTree = "<group>"; };
		8E5F4BC81DACD46D003229FB /* Base */ = {isa = PBXFileReference; lastKnownFileType = file.storyboard; name = Base; path = Base.lproj/Main.storyboard; sourceTree = "<group>"; };
		8E5F4BCA1DACD46D003229FB /* Assets.xcassets */ = {isa = PBXFileReference; lastKnownFileType = folder.assetcatalog; path = Assets.xcassets; sourceTree = "<group>"; };
		8E5F4BCD1DACD46D003229FB /* Base */ = {isa = PBXFileReference; lastKnownFileType = file.storyboard; name = Base; path = Base.lproj/LaunchScreen.storyboard; sourceTree = "<group>"; };
		8E5F4BCF1DACD46D003229FB /* Info.plist */ = {isa = PBXFileReference; lastKnownFileType = text.plist.xml; path = Info.plist; sourceTree = "<group>"; };
		8E5F4BD41DACD46D003229FB /* YHPhotoBrowser-DemoTests.xctest */ = {isa = PBXFileReference; explicitFileType = wrapper.cfbundle; includeInIndex = 0; path = "YHPhotoBrowser-DemoTests.xctest"; sourceTree = BUILT_PRODUCTS_DIR; };
		8E5F4BD81DACD46D003229FB /* YHPhotoBrowser_DemoTests.m */ = {isa = PBXFileReference; lastKnownFileType = sourcecode.c.objc; path = YHPhotoBrowser_DemoTests.m; sourceTree = "<group>"; };
		8E5F4BDA1DACD46D003229FB /* Info.plist */ = {isa = PBXFileReference; lastKnownFileType = text.plist.xml; path = Info.plist; sourceTree = "<group>"; };
		8E5F4BDF1DACD46D003229FB /* YHPhotoBrowser-DemoUITests.xctest */ = {isa = PBXFileReference; explicitFileType = wrapper.cfbundle; includeInIndex = 0; path = "YHPhotoBrowser-DemoUITests.xctest"; sourceTree = BUILT_PRODUCTS_DIR; };
		8E5F4BE31DACD46D003229FB /* YHPhotoBrowser_DemoUITests.m */ = {isa = PBXFileReference; lastKnownFileType = sourcecode.c.objc; path = YHPhotoBrowser_DemoUITests.m; sourceTree = "<group>"; };
		8E5F4BE51DACD46D003229FB /* Info.plist */ = {isa = PBXFileReference; lastKnownFileType = text.plist.xml; path = Info.plist; sourceTree = "<group>"; };
		8E5F4BF11DACD60C003229FB /* HomeCollectionViewCell.h */ = {isa = PBXFileReference; fileEncoding = 4; lastKnownFileType = sourcecode.c.h; path = HomeCollectionViewCell.h; sourceTree = "<group>"; };
		8E5F4BF21DACD60C003229FB /* HomeCollectionViewCell.m */ = {isa = PBXFileReference; fileEncoding = 4; lastKnownFileType = sourcecode.c.objc; path = HomeCollectionViewCell.m; sourceTree = "<group>"; };
		8EA393CB1E8351D000A4ADD8 /* YHBrowserAnimateDelegate.h */ = {isa = PBXFileReference; fileEncoding = 4; lastKnownFileType = sourcecode.c.h; path = YHBrowserAnimateDelegate.h; sourceTree = "<group>"; };
		8EA393CC1E8351D000A4ADD8 /* YHBrowserAnimateDelegate.m */ = {isa = PBXFileReference; fileEncoding = 4; lastKnownFileType = sourcecode.c.objc; path = YHBrowserAnimateDelegate.m; sourceTree = "<group>"; };
		8EA393CD1E8351D000A4ADD8 /* YHPhoto.h */ = {isa = PBXFileReference; fileEncoding = 4; lastKnownFileType = sourcecode.c.h; path = YHPhoto.h; sourceTree = "<group>"; };
		8EA393CE1E8351D000A4ADD8 /* YHPhoto.m */ = {isa = PBXFileReference; fileEncoding = 4; lastKnownFileType = sourcecode.c.objc; path = YHPhoto.m; sourceTree = "<group>"; };
		8EA393CF1E8351D000A4ADD8 /* YHPhotoBrowser.h */ = {isa = PBXFileReference; fileEncoding = 4; lastKnownFileType = sourcecode.c.h; path = YHPhotoBrowser.h; sourceTree = "<group>"; };
		8EA393D01E8351D000A4ADD8 /* YHPhotoBrowser.m */ = {isa = PBXFileReference; fileEncoding = 4; lastKnownFileType = sourcecode.c.objc; path = YHPhotoBrowser.m; sourceTree = "<group>"; };
		8EA393D11E8351D000A4ADD8 /* YHPhotoBrowserCell.h */ = {isa = PBXFileReference; fileEncoding = 4; lastKnownFileType = sourcecode.c.h; path = YHPhotoBrowserCell.h; sourceTree = "<group>"; };
		8EA393D21E8351D000A4ADD8 /* YHPhotoBrowserCell.m */ = {isa = PBXFileReference; fileEncoding = 4; lastKnownFileType = sourcecode.c.objc; path = YHPhotoBrowserCell.m; sourceTree = "<group>"; };
		8EA393D31E8351D000A4ADD8 /* YHProgressCircleView.h */ = {isa = PBXFileReference; fileEncoding = 4; lastKnownFileType = sourcecode.c.h; path = YHProgressCircleView.h; sourceTree = "<group>"; };
		8EA393D41E8351D000A4ADD8 /* YHProgressCircleView.m */ = {isa = PBXFileReference; fileEncoding = 4; lastKnownFileType = sourcecode.c.objc; path = YHProgressCircleView.m; sourceTree = "<group>"; };
		BCD65B5C4DA0272C8C6ED35A /* Pods-YHPhotoBrowser-Demo.debug.xcconfig */ = {isa = PBXFileReference; includeInIndex = 1; lastKnownFileType = text.xcconfig; name = "Pods-YHPhotoBrowser-Demo.debug.xcconfig"; path = "Pods/Target Support Files/Pods-YHPhotoBrowser-Demo/Pods-YHPhotoBrowser-Demo.debug.xcconfig"; sourceTree = "<group>"; };
/* End PBXFileReference section */

/* Begin PBXFrameworksBuildPhase section */
		8E5F4BB81DACD46D003229FB /* Frameworks */ = {
			isa = PBXFrameworksBuildPhase;
			buildActionMask = 2147483647;
			files = (
				35510E7030F993FACB1B2FC7 /* libPods-YHPhotoBrowser-Demo.a in Frameworks */,
			);
			runOnlyForDeploymentPostprocessing = 0;
		};
		8E5F4BD11DACD46D003229FB /* Frameworks */ = {
			isa = PBXFrameworksBuildPhase;
			buildActionMask = 2147483647;
			files = (
			);
			runOnlyForDeploymentPostprocessing = 0;
		};
		8E5F4BDC1DACD46D003229FB /* Frameworks */ = {
			isa = PBXFrameworksBuildPhase;
			buildActionMask = 2147483647;
			files = (
			);
			runOnlyForDeploymentPostprocessing = 0;
		};
/* End PBXFrameworksBuildPhase section */

/* Begin PBXGroup section */
		8E5F4BB21DACD46D003229FB = {
			isa = PBXGroup;
			children = (
				8E5F4BBD1DACD46D003229FB /* YHPhotoBrowser-Demo */,
				8E5F4BD71DACD46D003229FB /* YHPhotoBrowser-DemoTests */,
				8E5F4BE21DACD46D003229FB /* YHPhotoBrowser-DemoUITests */,
				8E5F4BBC1DACD46D003229FB /* Products */,
				A1858AEC290046F7C1F92ED1 /* Pods */,
				93D97AB261B52EB1C7D2BBA4 /* Frameworks */,
			);
			sourceTree = "<group>";
		};
		8E5F4BBC1DACD46D003229FB /* Products */ = {
			isa = PBXGroup;
			children = (
				8E5F4BBB1DACD46D003229FB /* YHPhotoBrowser-Demo.app */,
				8E5F4BD41DACD46D003229FB /* YHPhotoBrowser-DemoTests.xctest */,
				8E5F4BDF1DACD46D003229FB /* YHPhotoBrowser-DemoUITests.xctest */,
			);
			name = Products;
			sourceTree = "<group>";
		};
		8E5F4BBD1DACD46D003229FB /* YHPhotoBrowser-Demo */ = {
			isa = PBXGroup;
			children = (
				8E5F4BF11DACD60C003229FB /* HomeCollectionViewCell.h */,
				8E5F4BF21DACD60C003229FB /* HomeCollectionViewCell.m */,
				8E5F4BC41DACD46D003229FB /* ViewController.h */,
				8E5F4BC51DACD46D003229FB /* ViewController.m */,
				8E5F4BC71DACD46D003229FB /* Main.storyboard */,
				8E5F4BCA1DACD46D003229FB /* Assets.xcassets */,
				8EA393CA1E8351D000A4ADD8 /* YHPhotoBrowser */,
				8E5F4BBE1DACD46D003229FB /* Supporting Files */,
			);
			path = "YHPhotoBrowser-Demo";
			sourceTree = "<group>";
		};
		8E5F4BBE1DACD46D003229FB /* Supporting Files */ = {
			isa = PBXGroup;
			children = (
				8E5F4BCC1DACD46D003229FB /* LaunchScreen.storyboard */,
				8E5F4BCF1DACD46D003229FB /* Info.plist */,
				8E5F4BC11DACD46D003229FB /* AppDelegate.h */,
				8E5F4BC21DACD46D003229FB /* AppDelegate.m */,
				8E5F4BBF1DACD46D003229FB /* main.m */,
			);
			name = "Supporting Files";
			sourceTree = "<group>";
		};
		8E5F4BD71DACD46D003229FB /* YHPhotoBrowser-DemoTests */ = {
			isa = PBXGroup;
			children = (
				8E5F4BD81DACD46D003229FB /* YHPhotoBrowser_DemoTests.m */,
				8E5F4BDA1DACD46D003229FB /* Info.plist */,
			);
			path = "YHPhotoBrowser-DemoTests";
			sourceTree = "<group>";
		};
		8E5F4BE21DACD46D003229FB /* YHPhotoBrowser-DemoUITests */ = {
			isa = PBXGroup;
			children = (
				8E5F4BE31DACD46D003229FB /* YHPhotoBrowser_DemoUITests.m */,
				8E5F4BE51DACD46D003229FB /* Info.plist */,
			);
			path = "YHPhotoBrowser-DemoUITests";
			sourceTree = "<group>";
		};
		8EA393CA1E8351D000A4ADD8 /* YHPhotoBrowser */ = {
			isa = PBXGroup;
			children = (
				8EA393CB1E8351D000A4ADD8 /* YHBrowserAnimateDelegate.h */,
				8EA393CC1E8351D000A4ADD8 /* YHBrowserAnimateDelegate.m */,
				8EA393CD1E8351D000A4ADD8 /* YHPhoto.h */,
				8EA393CE1E8351D000A4ADD8 /* YHPhoto.m */,
				8EA393CF1E8351D000A4ADD8 /* YHPhotoBrowser.h */,
				8EA393D01E8351D000A4ADD8 /* YHPhotoBrowser.m */,
				8EA393D11E8351D000A4ADD8 /* YHPhotoBrowserCell.h */,
				8EA393D21E8351D000A4ADD8 /* YHPhotoBrowserCell.m */,
				8EA393D31E8351D000A4ADD8 /* YHProgressCircleView.h */,
				8EA393D41E8351D000A4ADD8 /* YHProgressCircleView.m */,
			);
			path = YHPhotoBrowser;
			sourceTree = "<group>";
		};
		93D97AB261B52EB1C7D2BBA4 /* Frameworks */ = {
			isa = PBXGroup;
			children = (
				30B6C2CA3B7749851EBB0BB7 /* libPods-YHPhotoBrowser-Demo.a */,
			);
			name = Frameworks;
			sourceTree = "<group>";
		};
		A1858AEC290046F7C1F92ED1 /* Pods */ = {
			isa = PBXGroup;
			children = (
				BCD65B5C4DA0272C8C6ED35A /* Pods-YHPhotoBrowser-Demo.debug.xcconfig */,
				3A68D24CCA7A1533A33EBE51 /* Pods-YHPhotoBrowser-Demo.release.xcconfig */,
			);
			name = Pods;
			sourceTree = "<group>";
		};
/* End PBXGroup section */

/* Begin PBXNativeTarget section */
		8E5F4BBA1DACD46D003229FB /* YHPhotoBrowser-Demo */ = {
			isa = PBXNativeTarget;
			buildConfigurationList = 8E5F4BE81DACD46D003229FB /* Build configuration list for PBXNativeTarget "YHPhotoBrowser-Demo" */;
			buildPhases = (
				B54F0BCBF9BC855DF0127FA4 /* 📦 Check Pods Manifest.lock */,
				8E5F4BB71DACD46D003229FB /* Sources */,
				8E5F4BB81DACD46D003229FB /* Frameworks */,
				8E5F4BB91DACD46D003229FB /* Resources */,
				513A6D16718C7DFD3964116A /* 📦 Embed Pods Frameworks */,
				F3F68E703AE12B2D59DD8B3D /* 📦 Copy Pods Resources */,
			);
			buildRules = (
			);
			dependencies = (
			);
			name = "YHPhotoBrowser-Demo";
			productName = "YHPhotoBrowser-Demo";
			productReference = 8E5F4BBB1DACD46D003229FB /* YHPhotoBrowser-Demo.app */;
			productType = "com.apple.product-type.application";
		};
		8E5F4BD31DACD46D003229FB /* YHPhotoBrowser-DemoTests */ = {
			isa = PBXNativeTarget;
			buildConfigurationList = 8E5F4BEB1DACD46D003229FB /* Build configuration list for PBXNativeTarget "YHPhotoBrowser-DemoTests" */;
			buildPhases = (
				8E5F4BD01DACD46D003229FB /* Sources */,
				8E5F4BD11DACD46D003229FB /* Frameworks */,
				8E5F4BD21DACD46D003229FB /* Resources */,
			);
			buildRules = (
			);
			dependencies = (
				8E5F4BD61DACD46D003229FB /* PBXTargetDependency */,
			);
			name = "YHPhotoBrowser-DemoTests";
			productName = "YHPhotoBrowser-DemoTests";
			productReference = 8E5F4BD41DACD46D003229FB /* YHPhotoBrowser-DemoTests.xctest */;
			productType = "com.apple.product-type.bundle.unit-test";
		};
		8E5F4BDE1DACD46D003229FB /* YHPhotoBrowser-DemoUITests */ = {
			isa = PBXNativeTarget;
			buildConfigurationList = 8E5F4BEE1DACD46D003229FB /* Build configuration list for PBXNativeTarget "YHPhotoBrowser-DemoUITests" */;
			buildPhases = (
				8E5F4BDB1DACD46D003229FB /* Sources */,
				8E5F4BDC1DACD46D003229FB /* Frameworks */,
				8E5F4BDD1DACD46D003229FB /* Resources */,
			);
			buildRules = (
			);
			dependencies = (
				8E5F4BE11DACD46D003229FB /* PBXTargetDependency */,
			);
			name = "YHPhotoBrowser-DemoUITests";
			productName = "YHPhotoBrowser-DemoUITests";
			productReference = 8E5F4BDF1DACD46D003229FB /* YHPhotoBrowser-DemoUITests.xctest */;
			productType = "com.apple.product-type.bundle.ui-testing";
		};
/* End PBXNativeTarget section */

/* Begin PBXProject section */
		8E5F4BB31DACD46D003229FB /* Project object */ = {
			isa = PBXProject;
			attributes = {
				LastUpgradeCheck = 0720;
				ORGANIZATIONNAME = "Cui yuhe";
				TargetAttributes = {
					8E5F4BBA1DACD46D003229FB = {
						CreatedOnToolsVersion = 7.2;
					};
					8E5F4BD31DACD46D003229FB = {
						CreatedOnToolsVersion = 7.2;
						TestTargetID = 8E5F4BBA1DACD46D003229FB;
					};
					8E5F4BDE1DACD46D003229FB = {
						CreatedOnToolsVersion = 7.2;
						TestTargetID = 8E5F4BBA1DACD46D003229FB;
					};
				};
			};
			buildConfigurationList = 8E5F4BB61DACD46D003229FB /* Build configuration list for PBXProject "YHPhotoBrowser-Demo" */;
			compatibilityVersion = "Xcode 3.2";
			developmentRegion = English;
			hasScannedForEncodings = 0;
			knownRegions = (
				en,
				Base,
			);
			mainGroup = 8E5F4BB21DACD46D003229FB;
			productRefGroup = 8E5F4BBC1DACD46D003229FB /* Products */;
			projectDirPath = "";
			projectRoot = "";
			targets = (
				8E5F4BBA1DACD46D003229FB /* YHPhotoBrowser-Demo */,
				8E5F4BD31DACD46D003229FB /* YHPhotoBrowser-DemoTests */,
				8E5F4BDE1DACD46D003229FB /* YHPhotoBrowser-DemoUITests */,
			);
		};
/* End PBXProject section */

/* Begin PBXResourcesBuildPhase section */
		8E5F4BB91DACD46D003229FB /* Resources */ = {
			isa = PBXResourcesBuildPhase;
			buildActionMask = 2147483647;
			files = (
				8E5F4BCE1DACD46D003229FB /* LaunchScreen.storyboard in Resources */,
				8E5F4BCB1DACD46D003229FB /* Assets.xcassets in Resources */,
				8E5F4BC91DACD46D003229FB /* Main.storyboard in Resources */,
			);
			runOnlyForDeploymentPostprocessing = 0;
		};
		8E5F4BD21DACD46D003229FB /* Resources */ = {
			isa = PBXResourcesBuildPhase;
			buildActionMask = 2147483647;
			files = (
			);
			runOnlyForDeploymentPostprocessing = 0;
		};
		8E5F4BDD1DACD46D003229FB /* Resources */ = {
			isa = PBXResourcesBuildPhase;
			buildActionMask = 2147483647;
			files = (
			);
			runOnlyForDeploymentPostprocessing = 0;
		};
/* End PBXResourcesBuildPhase section */

/* Begin PBXShellScriptBuildPhase section */
		513A6D16718C7DFD3964116A /* 📦 Embed Pods Frameworks */ = {
			isa = PBXShellScriptBuildPhase;
			buildActionMask = 2147483647;
			files = (
			);
			inputPaths = (
			);
			name = "📦 Embed Pods Frameworks";
			outputPaths = (
			);
			runOnlyForDeploymentPostprocessing = 0;
			shellPath = /bin/sh;
			shellScript = "\"${SRCROOT}/Pods/Target Support Files/Pods-YHPhotoBrowser-Demo/Pods-YHPhotoBrowser-Demo-frameworks.sh\"\n";
			showEnvVarsInLog = 0;
		};
		B54F0BCBF9BC855DF0127FA4 /* 📦 Check Pods Manifest.lock */ = {
			isa = PBXShellScriptBuildPhase;
			buildActionMask = 2147483647;
			files = (
			);
			inputPaths = (
			);
			name = "📦 Check Pods Manifest.lock";
			outputPaths = (
			);
			runOnlyForDeploymentPostprocessing = 0;
			shellPath = /bin/sh;
			shellScript = "diff \"${PODS_ROOT}/../Podfile.lock\" \"${PODS_ROOT}/Manifest.lock\" > /dev/null\nif [[ $? != 0 ]] ; then\n    cat << EOM\nerror: The sandbox is not in sync with the Podfile.lock. Run 'pod install' or update your CocoaPods installation.\nEOM\n    exit 1\nfi\n";
			showEnvVarsInLog = 0;
		};
		F3F68E703AE12B2D59DD8B3D /* 📦 Copy Pods Resources */ = {
			isa = PBXShellScriptBuildPhase;
			buildActionMask = 2147483647;
			files = (
			);
			inputPaths = (
			);
			name = "📦 Copy Pods Resources";
			outputPaths = (
			);
			runOnlyForDeploymentPostprocessing = 0;
			shellPath = /bin/sh;
			shellScript = "\"${SRCROOT}/Pods/Target Support Files/Pods-YHPhotoBrowser-Demo/Pods-YHPhotoBrowser-Demo-resources.sh\"\n";
			showEnvVarsInLog = 0;
		};
/* End PBXShellScriptBuildPhase section */

/* Begin PBXSourcesBuildPhase section */
		8E5F4BB71DACD46D003229FB /* Sources */ = {
			isa = PBXSourcesBuildPhase;
			buildActionMask = 2147483647;
			files = (
				8EA393D51E8351D000A4ADD8 /* YHBrowserAnimateDelegate.m in Sources */,
				8E5F4BC61DACD46D003229FB /* ViewController.m in Sources */,
				8E5F4BC31DACD46D003229FB /* AppDelegate.m in Sources */,
				8EA393D91E8351D000A4ADD8 /* YHProgressCircleView.m in Sources */,
				8EA393D71E8351D000A4ADD8 /* YHPhotoBrowser.m in Sources */,
				8E5F4BC01DACD46D003229FB /* main.m in Sources */,
				8E5F4BF31DACD60C003229FB /* HomeCollectionViewCell.m in Sources */,
				8EA393D81E8351D000A4ADD8 /* YHPhotoBrowserCell.m in Sources */,
				8EA393D61E8351D000A4ADD8 /* YHPhoto.m in Sources */,
			);
			runOnlyForDeploymentPostprocessing = 0;
		};
		8E5F4BD01DACD46D003229FB /* Sources */ = {
			isa = PBXSourcesBuildPhase;
			buildActionMask = 2147483647;
			files = (
				8E5F4BD91DACD46D003229FB /* YHPhotoBrowser_DemoTests.m in Sources */,
			);
			runOnlyForDeploymentPostprocessing = 0;
		};
		8E5F4BDB1DACD46D003229FB /* Sources */ = {
			isa = PBXSourcesBuildPhase;
			buildActionMask = 2147483647;
			files = (
				8E5F4BE41DACD46D003229FB /* YHPhotoBrowser_DemoUITests.m in Sources */,
			);
			runOnlyForDeploymentPostprocessing = 0;
		};
/* End PBXSourcesBuildPhase section */

/* Begin PBXTargetDependency section */
		8E5F4BD61DACD46D003229FB /* PBXTargetDependency */ = {
			isa = PBXTargetDependency;
			target = 8E5F4BBA1DACD46D003229FB /* YHPhotoBrowser-Demo */;
			targetProxy = 8E5F4BD51DACD46D003229FB /* PBXContainerItemProxy */;
		};
		8E5F4BE11DACD46D003229FB /* PBXTargetDependency */ = {
			isa = PBXTargetDependency;
			target = 8E5F4BBA1DACD46D003229FB /* YHPhotoBrowser-Demo */;
			targetProxy = 8E5F4BE01DACD46D003229FB /* PBXContainerItemProxy */;
		};
/* End PBXTargetDependency section */

/* Begin PBXVariantGroup section */
		8E5F4BC71DACD46D003229FB /* Main.storyboard */ = {
			isa = PBXVariantGroup;
			children = (
				8E5F4BC81DACD46D003229FB /* Base */,
			);
			name = Main.storyboard;
			sourceTree = "<group>";
		};
		8E5F4BCC1DACD46D003229FB /* LaunchScreen.storyboard */ = {
			isa = PBXVariantGroup;
			children = (
				8E5F4BCD1DACD46D003229FB /* Base */,
			);
			name = LaunchScreen.storyboard;
			sourceTree = "<group>";
		};
/* End PBXVariantGroup section */

/* Begin XCBuildConfiguration section */
		8E5F4BE61DACD46D003229FB /* Debug */ = {
			isa = XCBuildConfiguration;
			buildSettings = {
				ALWAYS_SEARCH_USER_PATHS = NO;
				CLANG_CXX_LANGUAGE_STANDARD = "gnu++0x";
				CLANG_CXX_LIBRARY = "libc++";
				CLANG_ENABLE_MODULES = YES;
				CLANG_ENABLE_OBJC_ARC = YES;
				CLANG_WARN_BOOL_CONVERSION = YES;
				CLANG_WARN_CONSTANT_CONVERSION = YES;
				CLANG_WARN_DIRECT_OBJC_ISA_USAGE = YES_ERROR;
				CLANG_WARN_EMPTY_BODY = YES;
				CLANG_WARN_ENUM_CONVERSION = YES;
				CLANG_WARN_INT_CONVERSION = YES;
				CLANG_WARN_OBJC_ROOT_CLASS = YES_ERROR;
				CLANG_WARN_UNREACHABLE_CODE = YES;
				CLANG_WARN__DUPLICATE_METHOD_MATCH = YES;
				"CODE_SIGN_IDENTITY[sdk=iphoneos*]" = "iPhone Developer";
				COPY_PHASE_STRIP = NO;
				DEBUG_INFORMATION_FORMAT = dwarf;
				ENABLE_STRICT_OBJC_MSGSEND = YES;
				ENABLE_TESTABILITY = YES;
				GCC_C_LANGUAGE_STANDARD = gnu99;
				GCC_DYNAMIC_NO_PIC = NO;
				GCC_NO_COMMON_BLOCKS = YES;
				GCC_OPTIMIZATION_LEVEL = 0;
				GCC_PREPROCESSOR_DEFINITIONS = (
					"DEBUG=1",
					"$(inherited)",
				);
				GCC_WARN_64_TO_32_BIT_CONVERSION = YES;
				GCC_WARN_ABOUT_RETURN_TYPE = YES_ERROR;
				GCC_WARN_UNDECLARED_SELECTOR = YES;
				GCC_WARN_UNINITIALIZED_AUTOS = YES_AGGRESSIVE;
				GCC_WARN_UNUSED_FUNCTION = YES;
				GCC_WARN_UNUSED_VARIABLE = YES;
				IPHONEOS_DEPLOYMENT_TARGET = 9.2;
				MTL_ENABLE_DEBUG_INFO = YES;
				ONLY_ACTIVE_ARCH = YES;
				SDKROOT = iphoneos;
			};
			name = Debug;
		};
		8E5F4BE71DACD46D003229FB /* Release */ = {
			isa = XCBuildConfiguration;
			buildSettings = {
				ALWAYS_SEARCH_USER_PATHS = NO;
				CLANG_CXX_LANGUAGE_STANDARD = "gnu++0x";
				CLANG_CXX_LIBRARY = "libc++";
				CLANG_ENABLE_MODULES = YES;
				CLANG_ENABLE_OBJC_ARC = YES;
				CLANG_WARN_BOOL_CONVERSION = YES;
				CLANG_WARN_CONSTANT_CONVERSION = YES;
				CLANG_WARN_DIRECT_OBJC_ISA_USAGE = YES_ERROR;
				CLANG_WARN_EMPTY_BODY = YES;
				CLANG_WARN_ENUM_CONVERSION = YES;
				CLANG_WARN_INT_CONVERSION = YES;
				CLANG_WARN_OBJC_ROOT_CLASS = YES_ERROR;
				CLANG_WARN_UNREACHABLE_CODE = YES;
				CLANG_WARN__DUPLICATE_METHOD_MATCH = YES;
				"CODE_SIGN_IDENTITY[sdk=iphoneos*]" = "iPhone Developer";
				COPY_PHASE_STRIP = NO;
				DEBUG_INFORMATION_FORMAT = "dwarf-with-dsym";
				ENABLE_NS_ASSERTIONS = NO;
				ENABLE_STRICT_OBJC_MSGSEND = YES;
				GCC_C_LANGUAGE_STANDARD = gnu99;
				GCC_NO_COMMON_BLOCKS = YES;
				GCC_WARN_64_TO_32_BIT_CONVERSION = YES;
				GCC_WARN_ABOUT_RETURN_TYPE = YES_ERROR;
				GCC_WARN_UNDECLARED_SELECTOR = YES;
				GCC_WARN_UNINITIALIZED_AUTOS = YES_AGGRESSIVE;
				GCC_WARN_UNUSED_FUNCTION = YES;
				GCC_WARN_UNUSED_VARIABLE = YES;
				IPHONEOS_DEPLOYMENT_TARGET = 9.2;
				MTL_ENABLE_DEBUG_INFO = NO;
				SDKROOT = iphoneos;
				VALIDATE_PRODUCT = YES;
			};
			name = Release;
		};
		8E5F4BE91DACD46D003229FB /* Debug */ = {
			isa = XCBuildConfiguration;
			baseConfigurationReference = BCD65B5C4DA0272C8C6ED35A /* Pods-YHPhotoBrowser-Demo.debug.xcconfig */;
			buildSettings = {
				ASSETCATALOG_COMPILER_APPICON_NAME = AppIcon;
				INFOPLIST_FILE = "YHPhotoBrowser-Demo/Info.plist";
				IPHONEOS_DEPLOYMENT_TARGET = 8.0;
				LD_RUNPATH_SEARCH_PATHS = "$(inherited) @executable_path/Frameworks";
				PRODUCT_BUNDLE_IDENTIFIER = "com.yuhe.YHPhotoBrowser-Demo";
				PRODUCT_NAME = "$(TARGET_NAME)";
			};
			name = Debug;
		};
		8E5F4BEA1DACD46D003229FB /* Release */ = {
			isa = XCBuildConfiguration;
			baseConfigurationReference = 3A68D24CCA7A1533A33EBE51 /* Pods-YHPhotoBrowser-Demo.release.xcconfig */;
			buildSettings = {
				ASSETCATALOG_COMPILER_APPICON_NAME = AppIcon;
				INFOPLIST_FILE = "YHPhotoBrowser-Demo/Info.plist";
				IPHONEOS_DEPLOYMENT_TARGET = 8.0;
				LD_RUNPATH_SEARCH_PATHS = "$(inherited) @executable_path/Frameworks";
				PRODUCT_BUNDLE_IDENTIFIER = "com.yuhe.YHPhotoBrowser-Demo";
				PRODUCT_NAME = "$(TARGET_NAME)";
			};
			name = Release;
		};
		8E5F4BEC1DACD46D003229FB /* Debug */ = {
			isa = XCBuildConfiguration;
			buildSettings = {
				BUNDLE_LOADER = "$(TEST_HOST)";
				INFOPLIST_FILE = "YHPhotoBrowser-DemoTests/Info.plist";
				LD_RUNPATH_SEARCH_PATHS = "$(inherited) @executable_path/Frameworks @loader_path/Frameworks";
				PRODUCT_BUNDLE_IDENTIFIER = "com.yuhe.YHPhotoBrowser-DemoTests";
				PRODUCT_NAME = "$(TARGET_NAME)";
				TEST_HOST = "$(BUILT_PRODUCTS_DIR)/YHPhotoBrowser-Demo.app/YHPhotoBrowser-Demo";
			};
			name = Debug;
		};
		8E5F4BED1DACD46D003229FB /* Release */ = {
			isa = XCBuildConfiguration;
			buildSettings = {
				BUNDLE_LOADER = "$(TEST_HOST)";
				INFOPLIST_FILE = "YHPhotoBrowser-DemoTests/Info.plist";
				LD_RUNPATH_SEARCH_PATHS = "$(inherited) @executable_path/Frameworks @loader_path/Frameworks";
				PRODUCT_BUNDLE_IDENTIFIER = "com.yuhe.YHPhotoBrowser-DemoTests";
				PRODUCT_NAME = "$(TARGET_NAME)";
				TEST_HOST = "$(BUILT_PRODUCTS_DIR)/YHPhotoBrowser-Demo.app/YHPhotoBrowser-Demo";
			};
			name = Release;
		};
		8E5F4BEF1DACD46D003229FB /* Debug */ = {
			isa = XCBuildConfiguration;
			buildSettings = {
				INFOPLIST_FILE = "YHPhotoBrowser-DemoUITests/Info.plist";
				LD_RUNPATH_SEARCH_PATHS = "$(inherited) @executable_path/Frameworks @loader_path/Frameworks";
				PRODUCT_BUNDLE_IDENTIFIER = "com.yuhe.YHPhotoBrowser-DemoUITests";
				PRODUCT_NAME = "$(TARGET_NAME)";
				TEST_TARGET_NAME = "YHPhotoBrowser-Demo";
				USES_XCTRUNNER = YES;
			};
			name = Debug;
		};
		8E5F4BF01DACD46D003229FB /* Release */ = {
			isa = XCBuildConfiguration;
			buildSettings = {
				INFOPLIST_FILE = "YHPhotoBrowser-DemoUITests/Info.plist";
				LD_RUNPATH_SEARCH_PATHS = "$(inherited) @executable_path/Frameworks @loader_path/Frameworks";
				PRODUCT_BUNDLE_IDENTIFIER = "com.yuhe.YHPhotoBrowser-DemoUITests";
				PRODUCT_NAME = "$(TARGET_NAME)";
				TEST_TARGET_NAME = "YHPhotoBrowser-Demo";
				USES_XCTRUNNER = YES;
			};
			name = Release;
		};
/* End XCBuildConfiguration section */

/* Begin XCConfigurationList section */
		8E5F4BB61DACD46D003229FB /* Build configuration list for PBXProject "YHPhotoBrowser-Demo" */ = {
			isa = XCConfigurationList;
			buildConfigurations = (
				8E5F4BE61DACD46D003229FB /* Debug */,
				8E5F4BE71DACD46D003229FB /* Release */,
			);
			defaultConfigurationIsVisible = 0;
			defaultConfigurationName = Release;
		};
		8E5F4BE81DACD46D003229FB /* Build configuration list for PBXNativeTarget "YHPhotoBrowser-Demo" */ = {
			isa = XCConfigurationList;
			buildConfigurations = (
				8E5F4BE91DACD46D003229FB /* Debug */,
				8E5F4BEA1DACD46D003229FB /* Release */,
			);
			defaultConfigurationIsVisible = 0;
			defaultConfigurationName = Release;
		};
		8E5F4BEB1DACD46D003229FB /* Build configuration list for PBXNativeTarget "YHPhotoBrowser-DemoTests" */ = {
			isa = XCConfigurationList;
			buildConfigurations = (
				8E5F4BEC1DACD46D003229FB /* Debug */,
				8E5F4BED1DACD46D003229FB /* Release */,
			);
			defaultConfigurationIsVisible = 0;
			defaultConfigurationName = Release;
		};
		8E5F4BEE1DACD46D003229FB /* Build configuration list for PBXNativeTarget "YHPhotoBrowser-DemoUITests" */ = {
			isa = XCConfigurationList;
			buildConfigurations = (
				8E5F4BEF1DACD46D003229FB /* Debug */,
				8E5F4BF01DACD46D003229FB /* Release */,
			);
			defaultConfigurationIsVisible = 0;
			defaultConfigurationName = Release;
		};
/* End XCConfigurationList section */
	};
	rootObject = 8E5F4BB31DACD46D003229FB /* Project object */;
}
